// !$*UTF8*$!
{
	archiveVersion = 1;
	classes = {
	};
	objectVersion = 50;
	objects = {

/* Begin PBXBuildFile section */
		9B339F3D25FCB9C000BC8FCA /* AppDelegate.swift in Sources */ = {isa = PBXBuildFile; fileRef = 9B339F3C25FCB9C000BC8FCA /* AppDelegate.swift */; };
		9B339F4125FCB9C000BC8FCA /* ViewController.swift in Sources */ = {isa = PBXBuildFile; fileRef = 9B339F4025FCB9C000BC8FCA /* ViewController.swift */; };
		9B339F4425FCB9C000BC8FCA /* Main.storyboard in Resources */ = {isa = PBXBuildFile; fileRef = 9B339F4225FCB9C000BC8FCA /* Main.storyboard */; };
		9B339F4625FCB9C200BC8FCA /* Assets.xcassets in Resources */ = {isa = PBXBuildFile; fileRef = 9B339F4525FCB9C200BC8FCA /* Assets.xcassets */; };
		9B339F4925FCB9C200BC8FCA /* LaunchScreen.storyboard in Resources */ = {isa = PBXBuildFile; fileRef = 9B339F4725FCB9C200BC8FCA /* LaunchScreen.storyboard */; };
		9B339F5725FCBA4500BC8FCA /* YXLog.swift in Sources */ = {isa = PBXBuildFile; fileRef = 9B339F5625FCBA4500BC8FCA /* YXLog.swift */; };
		9B339F5D25FCBCFB00BC8FCA /* YXLogView.swift in Sources */ = {isa = PBXBuildFile; fileRef = 9B339F5C25FCBCFB00BC8FCA /* YXLogView.swift */; };
		9B339F6025FCBEE800BC8FCA /* YXLogMoveView.swift in Sources */ = {isa = PBXBuildFile; fileRef = 9B339F5F25FCBEE800BC8FCA /* YXLogMoveView.swift */; };
		9B339F6325FCC0D700BC8FCA /* YXLogView.xib in Resources */ = {isa = PBXBuildFile; fileRef = 9B339F6225FCC0D700BC8FCA /* YXLogView.xib */; };
		9B339F6A25FCC88100BC8FCA /* YXMoveView.swift in Sources */ = {isa = PBXBuildFile; fileRef = 9B339F6925FCC88100BC8FCA /* YXMoveView.swift */; };
		9B339F7325FCD86F00BC8FCA /* YXLogCell.swift in Sources */ = {isa = PBXBuildFile; fileRef = 9B339F7125FCD86F00BC8FCA /* YXLogCell.swift */; };
		9B339F7425FCD86F00BC8FCA /* YXLogCell.xib in Resources */ = {isa = PBXBuildFile; fileRef = 9B339F7225FCD86F00BC8FCA /* YXLogCell.xib */; };
/* End PBXBuildFile section */

/* Begin PBXFileReference section */
		9B339F3925FCB9C000BC8FCA /* YXLog.app */ = {isa = PBXFileReference; explicitFileType = wrapper.application; includeInIndex = 0; path = YXLog.app; sourceTree = BUILT_PRODUCTS_DIR; };
		9B339F3C25FCB9C000BC8FCA /* AppDelegate.swift */ = {isa = PBXFileReference; lastKnownFileType = sourcecode.swift; path = AppDelegate.swift; sourceTree = "<group>"; };
		9B339F4025FCB9C000BC8FCA /* ViewController.swift */ = {isa = PBXFileReference; lastKnownFileType = sourcecode.swift; path = ViewController.swift; sourceTree = "<group>"; };
		9B339F4325FCB9C000BC8FCA /* Base */ = {isa = PBXFileReference; lastKnownFileType = file.storyboard; name = Base; path = Base.lproj/Main.storyboard; sourceTree = "<group>"; };
		9B339F4525FCB9C200BC8FCA /* Assets.xcassets */ = {isa = PBXFileReference; lastKnownFileType = folder.assetcatalog; path = Assets.xcassets; sourceTree = "<group>"; };
		9B339F4825FCB9C200BC8FCA /* Base */ = {isa = PBXFileReference; lastKnownFileType = file.storyboard; name = Base; path = Base.lproj/LaunchScreen.storyboard; sourceTree = "<group>"; };
		9B339F4A25FCB9C200BC8FCA /* Info.plist */ = {isa = PBXFileReference; lastKnownFileType = text.plist.xml; path = Info.plist; sourceTree = "<group>"; };
		9B339F5625FCBA4500BC8FCA /* YXLog.swift */ = {isa = PBXFileReference; lastKnownFileType = sourcecode.swift; path = YXLog.swift; sourceTree = "<group>"; };
		9B339F5C25FCBCFB00BC8FCA /* YXLogView.swift */ = {isa = PBXFileReference; lastKnownFileType = sourcecode.swift; path = YXLogView.swift; sourceTree = "<group>"; };
		9B339F5F25FCBEE800BC8FCA /* YXLogMoveView.swift */ = {isa = PBXFileReference; lastKnownFileType = sourcecode.swift; path = YXLogMoveView.swift; sourceTree = "<group>"; };
		9B339F6225FCC0D700BC8FCA /* YXLogView.xib */ = {isa = PBXFileReference; lastKnownFileType = file.xib; path = YXLogView.xib; sourceTree = "<group>"; };
		9B339F6925FCC88100BC8FCA /* YXMoveView.swift */ = {isa = PBXFileReference; lastKnownFileType = sourcecode.swift; path = YXMoveView.swift; sourceTree = "<group>"; };
		9B339F7125FCD86F00BC8FCA /* YXLogCell.swift */ = {isa = PBXFileReference; lastKnownFileType = sourcecode.swift; path = YXLogCell.swift; sourceTree = "<group>"; };
		9B339F7225FCD86F00BC8FCA /* YXLogCell.xib */ = {isa = PBXFileReference; lastKnownFileType = file.xib; path = YXLogCell.xib; sourceTree = "<group>"; };
/* End PBXFileReference section */

/* Begin PBXFrameworksBuildPhase section */
		9B339F3625FCB9C000BC8FCA /* Frameworks */ = {
			isa = PBXFrameworksBuildPhase;
			buildActionMask = 2147483647;
			files = (
			);
			runOnlyForDeploymentPostprocessing = 0;
		};
/* End PBXFrameworksBuildPhase section */

/* Begin PBXGroup section */
		9B339F3025FCB9C000BC8FCA = {
			isa = PBXGroup;
			children = (
				9B339F3B25FCB9C000BC8FCA /* YXLog */,
				9B339F3A25FCB9C000BC8FCA /* Products */,
			);
			sourceTree = "<group>";
		};
		9B339F3A25FCB9C000BC8FCA /* Products */ = {
			isa = PBXGroup;
			children = (
				9B339F3925FCB9C000BC8FCA /* YXLog.app */,
			);
			name = Products;
			sourceTree = "<group>";
		};
		9B339F3B25FCB9C000BC8FCA /* YXLog */ = {
			isa = PBXGroup;
			children = (
				9B339F3C25FCB9C000BC8FCA /* AppDelegate.swift */,
				9B339F4025FCB9C000BC8FCA /* ViewController.swift */,
				9B339F5525FCBA3500BC8FCA /* YXLog */,
				9B339F4225FCB9C000BC8FCA /* Main.storyboard */,
				9B339F4525FCB9C200BC8FCA /* Assets.xcassets */,
				9B339F4725FCB9C200BC8FCA /* LaunchScreen.storyboard */,
				9B339F4A25FCB9C200BC8FCA /* Info.plist */,
			);
			path = YXLog;
			sourceTree = "<group>";
		};
		9B339F5525FCBA3500BC8FCA /* YXLog */ = {
			isa = PBXGroup;
			children = (
				9B339F5625FCBA4500BC8FCA /* YXLog.swift */,
				9B339F5C25FCBCFB00BC8FCA /* YXLogView.swift */,
				9B339F6225FCC0D700BC8FCA /* YXLogView.xib */,
				9B339F6925FCC88100BC8FCA /* YXMoveView.swift */,
				9B339F5F25FCBEE800BC8FCA /* YXLogMoveView.swift */,
				9B339F7125FCD86F00BC8FCA /* YXLogCell.swift */,
				9B339F7225FCD86F00BC8FCA /* YXLogCell.xib */,
			);
			path = YXLog;
			sourceTree = "<group>";
		};
/* End PBXGroup section */

/* Begin PBXNativeTarget section */
		9B339F3825FCB9C000BC8FCA /* YXLog */ = {
			isa = PBXNativeTarget;
			buildConfigurationList = 9B339F4D25FCB9C200BC8FCA /* Build configuration list for PBXNativeTarget "YXLog" */;
			buildPhases = (
				9B339F3525FCB9C000BC8FCA /* Sources */,
				9B339F3625FCB9C000BC8FCA /* Frameworks */,
				9B339F3725FCB9C000BC8FCA /* Resources */,
			);
			buildRules = (
			);
			dependencies = (
			);
			name = YXLog;
			productName = YXLog;
			productReference = 9B339F3925FCB9C000BC8FCA /* YXLog.app */;
			productType = "com.apple.product-type.application";
		};
/* End PBXNativeTarget section */

/* Begin PBXProject section */
		9B339F3125FCB9C000BC8FCA /* Project object */ = {
			isa = PBXProject;
			attributes = {
				LastSwiftUpdateCheck = 1230;
				LastUpgradeCheck = 1230;
				TargetAttributes = {
					9B339F3825FCB9C000BC8FCA = {
						CreatedOnToolsVersion = 12.3;
					};
				};
			};
			buildConfigurationList = 9B339F3425FCB9C000BC8FCA /* Build configuration list for PBXProject "YXLog" */;
			compatibilityVersion = "Xcode 9.3";
			developmentRegion = en;
			hasScannedForEncodings = 0;
			knownRegions = (
				en,
				Base,
			);
			mainGroup = 9B339F3025FCB9C000BC8FCA;
			productRefGroup = 9B339F3A25FCB9C000BC8FCA /* Products */;
			projectDirPath = "";
			projectRoot = "";
			targets = (
				9B339F3825FCB9C000BC8FCA /* YXLog */,
			);
		};
/* End PBXProject section */

/* Begin PBXResourcesBuildPhase section */
		9B339F3725FCB9C000BC8FCA /* Resources */ = {
			isa = PBXResourcesBuildPhase;
			buildActionMask = 2147483647;
			files = (
				9B339F6325FCC0D700BC8FCA /* YXLogView.xib in Resources */,
				9B339F4925FCB9C200BC8FCA /* LaunchScreen.storyboard in Resources */,
				9B339F4625FCB9C200BC8FCA /* Assets.xcassets in Resources */,
				9B339F7425FCD86F00BC8FCA /* YXLogCell.xib in Resources */,
				9B339F4425FCB9C000BC8FCA /* Main.storyboard in Resources */,
			);
			runOnlyForDeploymentPostprocessing = 0;
		};
/* End PBXResourcesBuildPhase section */

/* Begin PBXSourcesBuildPhase section */
		9B339F3525FCB9C000BC8FCA /* Sources */ = {
			isa = PBXSourcesBuildPhase;
			buildActionMask = 2147483647;
			files = (
				9B339F5D25FCBCFB00BC8FCA /* YXLogView.swift in Sources */,
				9B339F6025FCBEE800BC8FCA /* YXLogMoveView.swift in Sources */,
				9B339F4125FCB9C000BC8FCA /* ViewController.swift in Sources */,
				9B339F3D25FCB9C000BC8FCA /* AppDelegate.swift in Sources */,
				9B339F6A25FCC88100BC8FCA /* YXMoveView.swift in Sources */,
				9B339F5725FCBA4500BC8FCA /* YXLog.swift in Sources */,
				9B339F7325FCD86F00BC8FCA /* YXLogCell.swift in Sources */,
			);
			runOnlyForDeploymentPostprocessing = 0;
		};
/* End PBXSourcesBuildPhase section */

/* Begin PBXVariantGroup section */
		9B339F4225FCB9C000BC8FCA /* Main.storyboard */ = {
			isa = PBXVariantGroup;
			children = (
				9B339F4325FCB9C000BC8FCA /* Base */,
			);
			name = Main.storyboard;
			sourceTree = "<group>";
		};
		9B339F4725FCB9C200BC8FCA /* LaunchScreen.storyboard */ = {
			isa = PBXVariantGroup;
			children = (
				9B339F4825FCB9C200BC8FCA /* Base */,
			);
			name = LaunchScreen.storyboard;
			sourceTree = "<group>";
		};
/* End PBXVariantGroup section */

/* Begin XCBuildConfiguration section */
		9B339F4B25FCB9C200BC8FCA /* Debug */ = {
			isa = XCBuildConfiguration;
			buildSettings = {
				ALWAYS_SEARCH_USER_PATHS = NO;
				CLANG_ANALYZER_NONNULL = YES;
				CLANG_ANALYZER_NUMBER_OBJECT_CONVERSION = YES_AGGRESSIVE;
				CLANG_CXX_LANGUAGE_STANDARD = "gnu++14";
				CLANG_CXX_LIBRARY = "libc++";
				CLANG_ENABLE_MODULES = YES;
				CLANG_ENABLE_OBJC_ARC = YES;
				CLANG_ENABLE_OBJC_WEAK = YES;
				CLANG_WARN_BLOCK_CAPTURE_AUTORELEASING = YES;
				CLANG_WARN_BOOL_CONVERSION = YES;
				CLANG_WARN_COMMA = YES;
				CLANG_WARN_CONSTANT_CONVERSION = YES;
				CLANG_WARN_DEPRECATED_OBJC_IMPLEMENTATIONS = YES;
				CLANG_WARN_DIRECT_OBJC_ISA_USAGE = YES_ERROR;
				CLANG_WARN_DOCUMENTATION_COMMENTS = YES;
				CLANG_WARN_EMPTY_BODY = YES;
				CLANG_WARN_ENUM_CONVERSION = YES;
				CLANG_WARN_INFINITE_RECURSION = YES;
				CLANG_WARN_INT_CONVERSION = YES;
				CLANG_WARN_NON_LITERAL_NULL_CONVERSION = YES;
				CLANG_WARN_OBJC_IMPLICIT_RETAIN_SELF = YES;
				CLANG_WARN_OBJC_LITERAL_CONVERSION = YES;
				CLANG_WARN_OBJC_ROOT_CLASS = YES_ERROR;
				CLANG_WARN_QUOTED_INCLUDE_IN_FRAMEWORK_HEADER = YES;
				CLANG_WARN_RANGE_LOOP_ANALYSIS = YES;
				CLANG_WARN_STRICT_PROTOTYPES = YES;
				CLANG_WARN_SUSPICIOUS_MOVE = YES;
				CLANG_WARN_UNGUARDED_AVAILABILITY = YES_AGGRESSIVE;
				CLANG_WARN_UNREACHABLE_CODE = YES;
				CLANG_WARN__DUPLICATE_METHOD_MATCH = YES;
				COPY_PHASE_STRIP = NO;
				DEBUG_INFORMATION_FORMAT = dwarf;
				ENABLE_STRICT_OBJC_MSGSEND = YES;
				ENABLE_TESTABILITY = YES;
				GCC_C_LANGUAGE_STANDARD = gnu11;
				GCC_DYNAMIC_NO_PIC = NO;
				GCC_NO_COMMON_BLOCKS = YES;
				GCC_OPTIMIZATION_LEVEL = 0;
				GCC_PREPROCESSOR_DEFINITIONS = (
					"DEBUG=1",
					"$(inherited)",
				);
				GCC_WARN_64_TO_32_BIT_CONVERSION = YES;
				GCC_WARN_ABOUT_RETURN_TYPE = YES_ERROR;
				GCC_WARN_UNDECLARED_SELECTOR = YES;
				GCC_WARN_UNINITIALIZED_AUTOS = YES_AGGRESSIVE;
				GCC_WARN_UNUSED_FUNCTION = YES;
				GCC_WARN_UNUSED_VARIABLE = YES;
				IPHONEOS_DEPLOYMENT_TARGET = 14.3;
				MTL_ENABLE_DEBUG_INFO = INCLUDE_SOURCE;
				MTL_FAST_MATH = YES;
				ONLY_ACTIVE_ARCH = YES;
				SDKROOT = iphoneos;
				SWIFT_ACTIVE_COMPILATION_CONDITIONS = DEBUG;
				SWIFT_OPTIMIZATION_LEVEL = "-Onone";
			};
			name = Debug;
		};
		9B339F4C25FCB9C200BC8FCA /* Release */ = {
			isa = XCBuildConfiguration;
			buildSettings = {
				ALWAYS_SEARCH_USER_PATHS = NO;
				CLANG_ANALYZER_NONNULL = YES;
				CLANG_ANALYZER_NUMBER_OBJECT_CONVERSION = YES_AGGRESSIVE;
				CLANG_CXX_LANGUAGE_STANDARD = "gnu++14";
				CLANG_CXX_LIBRARY = "libc++";
				CLANG_ENABLE_MODULES = YES;
				CLANG_ENABLE_OBJC_ARC = YES;
				CLANG_ENABLE_OBJC_WEAK = YES;
				CLANG_WARN_BLOCK_CAPTURE_AUTORELEASING = YES;
				CLANG_WARN_BOOL_CONVERSION = YES;
				CLANG_WARN_COMMA = YES;
				CLANG_WARN_CONSTANT_CONVERSION = YES;
				CLANG_WARN_DEPRECATED_OBJC_IMPLEMENTATIONS = YES;
				CLANG_WARN_DIRECT_OBJC_ISA_USAGE = YES_ERROR;
				CLANG_WARN_DOCUMENTATION_COMMENTS = YES;
				CLANG_WARN_EMPTY_BODY = YES;
				CLANG_WARN_ENUM_CONVERSION = YES;
				CLANG_WARN_INFINITE_RECURSION = YES;
				CLANG_WARN_INT_CONVERSION = YES;
				CLANG_WARN_NON_LITERAL_NULL_CONVERSION = YES;
				CLANG_WARN_OBJC_IMPLICIT_RETAIN_SELF = YES;
				CLANG_WARN_OBJC_LITERAL_CONVERSION = YES;
				CLANG_WARN_OBJC_ROOT_CLASS = YES_ERROR;
				CLANG_WARN_QUOTED_INCLUDE_IN_FRAMEWORK_HEADER = YES;
				CLANG_WARN_RANGE_LOOP_ANALYSIS = YES;
				CLANG_WARN_STRICT_PROTOTYPES = YES;
				CLANG_WARN_SUSPICIOUS_MOVE = YES;
				CLANG_WARN_UNGUARDED_AVAILABILITY = YES_AGGRESSIVE;
				CLANG_WARN_UNREACHABLE_CODE = YES;
				CLANG_WARN__DUPLICATE_METHOD_MATCH = YES;
				COPY_PHASE_STRIP = NO;
				DEBUG_INFORMATION_FORMAT = "dwarf-with-dsym";
				ENABLE_NS_ASSERTIONS = NO;
				ENABLE_STRICT_OBJC_MSGSEND = YES;
				GCC_C_LANGUAGE_STANDARD = gnu11;
				GCC_NO_COMMON_BLOCKS = YES;
				GCC_WARN_64_TO_32_BIT_CONVERSION = YES;
				GCC_WARN_ABOUT_RETURN_TYPE = YES_ERROR;
				GCC_WARN_UNDECLARED_SELECTOR = YES;
				GCC_WARN_UNINITIALIZED_AUTOS = YES_AGGRESSIVE;
				GCC_WARN_UNUSED_FUNCTION = YES;
				GCC_WARN_UNUSED_VARIABLE = YES;
				IPHONEOS_DEPLOYMENT_TARGET = 14.3;
				MTL_ENABLE_DEBUG_INFO = NO;
				MTL_FAST_MATH = YES;
				SDKROOT = iphoneos;
				SWIFT_COMPILATION_MODE = wholemodule;
				SWIFT_OPTIMIZATION_LEVEL = "-O";
				VALIDATE_PRODUCT = YES;
			};
			name = Release;
		};
		9B339F4E25FCB9C200BC8FCA /* Debug */ = {
			isa = XCBuildConfiguration;
			buildSettings = {
				ASSETCATALOG_COMPILER_APPICON_NAME = AppIcon;
				ASSETCATALOG_COMPILER_GLOBAL_ACCENT_COLOR_NAME = AccentColor;
				CODE_SIGN_STYLE = Automatic;
				DEVELOPMENT_TEAM = 7XP66VHL84;
				INFOPLIST_FILE = YXLog/Info.plist;
				IPHONEOS_DEPLOYMENT_TARGET = 9.0;
				LD_RUNPATH_SEARCH_PATHS = (
					"$(inherited)",
					"@executable_path/Frameworks",
				);
				PRODUCT_BUNDLE_IDENTIFIER = com.YXLog;
				PRODUCT_NAME = "$(TARGET_NAME)";
				SWIFT_VERSION = 5.0;
				TARGETED_DEVICE_FAMILY = "1,2";
			};
			name = Debug;
		};
		9B339F4F25FCB9C200BC8FCA /* Release */ = {
			isa = XCBuildConfiguration;
			buildSettings = {
				ASSETCATALOG_COMPILER_APPICON_NAME = AppIcon;
				ASSETCATALOG_COMPILER_GLOBAL_ACCENT_COLOR_NAME = AccentColor;
				CODE_SIGN_STYLE = Automatic;
				DEVELOPMENT_TEAM = 7XP66VHL84;
				INFOPLIST_FILE = YXLog/Info.plist;
				IPHONEOS_DEPLOYMENT_TARGET = 9.0;
				LD_RUNPATH_SEARCH_PATHS = (
					"$(inherited)",
					"@executable_path/Frameworks",
				);
				PRODUCT_BUNDLE_IDENTIFIER = com.YXLog;
				PRODUCT_NAME = "$(TARGET_NAME)";
				SWIFT_VERSION = 5.0;
				TARGETED_DEVICE_FAMILY = "1,2";
			};
			name = Release;
		};
/* End XCBuildConfiguration section */

/* Begin XCConfigurationList section */
		9B339F3425FCB9C000BC8FCA /* Build configuration list for PBXProject "YXLog" */ = {
			isa = XCConfigurationList;
			buildConfigurations = (
				9B339F4B25FCB9C200BC8FCA /* Debug */,
				9B339F4C25FCB9C200BC8FCA /* Release */,
			);
			defaultConfigurationIsVisible = 0;
			defaultConfigurationName = Release;
		};
		9B339F4D25FCB9C200BC8FCA /* Build configuration list for PBXNativeTarget "YXLog" */ = {
			isa = XCConfigurationList;
			buildConfigurations = (
				9B339F4E25FCB9C200BC8FCA /* Debug */,
				9B339F4F25FCB9C200BC8FCA /* Release */,
			);
			defaultConfigurationIsVisible = 0;
			defaultConfigurationName = Release;
		};
/* End XCConfigurationList section */
	};
	rootObject = 9B339F3125FCB9C000BC8FCA /* Project object */;
}
